
Microsoft Visual Studio Solution File, Format Version 12.00
# Visual Studio Version 17
VisualStudioVersion = 17.8.34408.163
MinimumVisualStudioVersion = 10.0.40219.1
Project("{9A19103F-16F7-4668-BE54-9A1E7A4F7556}") = "Entities", "Entities\Entities.csproj", "{2478A790-5584-4AE1-9A04-02374BD23B74}"
EndProject
Project("{9A19103F-16F7-4668-BE54-9A1E7A4F7556}") = "Repository", "Repository\Repository.csproj", "{30CC7BED-B9E4-4C3D-AA07-29989F03C8EA}"
EndProject
Project("{9A19103F-16F7-4668-BE54-9A1E7A4F7556}") = "Contracts", "Contracts\Contracts.csproj", "{40766C29-2867-4398-8959-DC12ADFF7DD2}"
EndProject
Project("{9A19103F-16F7-4668-BE54-9A1E7A4F7556}") = "LoggerService", "LoggerService\LoggerService.csproj", "{C2ECE481-0C8F-43FE-9956-B3B7A62EE2DA}"
EndProject
Project("{9A19103F-16F7-4668-BE54-9A1E7A4F7556}") = "AccountOwnerServer", "AccountOwnerServer\AccountOwnerServer.csproj", "{EEDA5C04-CBF6-4C69-8FF1-A3E30F17ED46}"
EndProject
Project("{9A19103F-16F7-4668-BE54-9A1E7A4F7556}") = "Tests", "Tests\Tests.csproj", "{4380A80D-CF79-4119-9556-493DB77FCDBA}"
EndProject
Global
	GlobalSection(SolutionConfigurationPlatforms) = preSolution
		Debug|Any CPU = Debug|Any CPU
		Release|Any CPU = Release|Any CPU
	EndGlobalSection
	GlobalSection(ProjectConfigurationPlatforms) = postSolution
		{2478A790-5584-4AE1-9A04-02374BD23B74}.Debug|Any CPU.ActiveCfg = Debug|Any CPU
		{2478A790-5584-4AE1-9A04-02374BD23B74}.Debug|Any CPU.Build.0 = Debug|Any CPU
		{2478A790-5584-4AE1-9A04-02374BD23B74}.Release|Any CPU.ActiveCfg = Release|Any CPU
		{2478A790-5584-4AE1-9A04-02374BD23B74}.Release|Any CPU.Build.0 = Release|Any CPU
		{30CC7BED-B9E4-4C3D-AA07-29989F03C8EA}.Debug|Any CPU.ActiveCfg = Debug|Any CPU
		{30CC7BED-B9E4-4C3D-AA07-29989F03C8EA}.Debug|Any CPU.Build.0 = Debug|Any CPU
		{30CC7BED-B9E4-4C3D-AA07-29989F03C8EA}.Release|Any CPU.ActiveCfg = Release|Any CPU
		{30CC7BED-B9E4-4C3D-AA07-29989F03C8EA}.Release|Any CPU.Build.0 = Release|Any CPU
		{40766C29-2867-4398-8959-DC12ADFF7DD2}.Debug|Any CPU.ActiveCfg = Debug|Any CPU
		{40766C29-2867-4398-8959-DC12ADFF7DD2}.Debug|Any CPU.Build.0 = Debug|Any CPU
		{40766C29-2867-4398-8959-DC12ADFF7DD2}.Release|Any CPU.ActiveCfg = Release|Any CPU
		{40766C29-2867-4398-8959-DC12ADFF7DD2}.Release|Any CPU.Build.0 = Release|Any CPU
		{C2ECE481-0C8F-43FE-9956-B3B7A62EE2DA}.Debug|Any CPU.ActiveCfg = Debug|Any CPU
		{C2ECE481-0C8F-43FE-9956-B3B7A62EE2DA}.Debug|Any CPU.Build.0 = Debug|Any CPU
		{C2ECE481-0C8F-43FE-9956-B3B7A62EE2DA}.Release|Any CPU.ActiveCfg = Release|Any CPU
		{C2ECE481-0C8F-43FE-9956-B3B7A62EE2DA}.Release|Any CPU.Build.0 = Release|Any CPU
		{EEDA5C04-CBF6-4C69-8FF1-A3E30F17ED46}.Debug|Any CPU.ActiveCfg = Debug|Any CPU
		{EEDA5C04-CBF6-4C69-8FF1-A3E30F17ED46}.Debug|Any CPU.Build.0 = Debug|Any CPU
		{EEDA5C04-CBF6-4C69-8FF1-A3E30F17ED46}.Release|Any CPU.ActiveCfg = Release|Any CPU
		{EEDA5C04-CBF6-4C69-8FF1-A3E30F17ED46}.Release|Any CPU.Build.0 = Release|Any CPU
		{4380A80D-CF79-4119-9556-493DB77FCDBA}.Debug|Any CPU.ActiveCfg = Debug|Any CPU
		{4380A80D-CF79-4119-9556-493DB77FCDBA}.Debug|Any CPU.Build.0 = Debug|Any CPU
		{4380A80D-CF79-4119-9556-493DB77FCDBA}.Release|Any CPU.ActiveCfg = Release|Any CPU
		{4380A80D-CF79-4119-9556-493DB77FCDBA}.Release|Any CPU.Build.0 = Release|Any CPU
	EndGlobalSection
	GlobalSection(SolutionProperties) = preSolution
		HideSolutionNode = FALSE
	EndGlobalSection
	GlobalSection(ExtensibilityGlobals) = postSolution
		SolutionGuid = {1EC01498-0B04-4593-B24F-C186A6343EC0}
	EndGlobalSection
EndGlobal
